packages:
<<<<<<< HEAD
- package: dbt-labs/dbt_utils
  name: dbt_utils
  version: 1.3.0
sha1_hash: 8067dd74fb58d3d05a437ab1975d5eeeaf3d8bea
=======
  - git: https://github.com/gseda19/dbt-pkg-upstream
    name: dbt_pkg_upstream
    revision: 771402d181680c6d7d4f9604a564ae90b3af68fa
sha1_hash: 0857382290ae7e254c7fd23dbd427898c93431b7
>>>>>>> 9dc0a02fb330239b8920533371700cea229fe1cb
