packages:
- package: dbt-labs/audit_helper
  name: audit_helper
  version: 0.5.0
- package: dbt-labs/codegen
  name: codegen
  version: 0.6.0
- package: get-select/dbt_query_tags
  name: dbt_query_tags
  version: 3.2.0
- package: Snowflake-Labs/dbt_semantic_view
  name: dbt_semantic_view
  version: 1.0.3
- package: dbt-labs/dbt_utils
  name: dbt_utils
  version: 0.8.6
- package: fivetran/fivetran_utils
  name: fivetran_utils
  version: 0.3.9
- package: fivetran/salesforce_formula_utils
  name: salesforce_formula_utils
  version: 0.7.2
sha1_hash: 2b19b0bff5c3275b66b85d5a6178f7fc31491ba2
